<?xml version="1.0" encoding="utf-8"?>
<Project ToolsVersion="4.0" xmlns="http://schemas.microsoft.com/developer/msbuild/2003">
  <ItemGroup>
    <ClCompile Include="GeneratedFiles\qrc_test.cpp" />
    <ClCompile Include="main.cpp" />
    <ClCompile Include="occApp.cpp" />
    <ClCompile Include="OCCBasicTools.cpp" />
    <ClCompile Include="test.cpp" />
    <ClCompile Include="occView.cpp">
      <Filter>Generated Files</Filter>
    </ClCompile>
    <ClCompile Include="OCCTest.cpp" />
    <ClCompile Include="Annotation.cpp">
      <Filter>Generated Files</Filter>
    </ClCompile>
    <ClCompile Include="pointBinaryTree.cpp">
      <Filter>Generated Files</Filter>
    </ClCompile>
  </ItemGroup>
  <ItemGroup>
    <ClInclude Include="occApp.h" />
    <ClInclude Include="OCCBasicTools.h" />
    <ClInclude Include="OCCTest.h" />
    <ClInclude Include="Annotation.h">
      <Filter>Generated Files</Filter>
    </ClInclude>
    <ClInclude Include="pointBinaryTree.h">
      <Filter>Generated Files</Filter>
    </ClInclude>
  </ItemGroup>
  <ItemGroup>
    <CustomBuild Include="test.qrc" />
    <CustomBuild Include="test.ui" />
    <CustomBuild Include="test.h" />
    <CustomBuild Include="occView.h">
      <Filter>Generated Files</Filter>
    </CustomBuild>
  </ItemGroup>
  <ItemGroup>
    <Filter Include="Generated Files">
      <UniqueIdentifier>{71ED8ED8-ACB9-4CE9-BBE1-E00B30144E11}</UniqueIdentifier>
      <Extensions>moc;h;cpp</Extensions>
      <ParseFiles>true</ParseFiles>
    </Filter>
    <Filter Include="Header Files">
      <UniqueIdentifier>{93995380-89BD-4b04-88EB-625FBE52EBFB}</UniqueIdentifier>
      <Extensions>h;hh;hpp;hxx;hm;inl;inc;xsd</Extensions>
      <ParseFiles>true</ParseFiles>
    </Filter>
    <Filter Include="Source Files">
      <UniqueIdentifier>{4FC737F1-C7A5-4376-A066-2A32D752A2FF}</UniqueIdentifier>
      <Extensions>cpp;c;cc;cxx;def;odl;idl;hpj;bat;asm;asmx</Extensions>
      <ParseFiles>true</ParseFiles>
    </Filter>
    <Filter Include="Form Files">
      <UniqueIdentifier>{99349809-55BA-4b9d-BF79-8FDBB0286EB3}</UniqueIdentifier>
      <Extensions>ui</Extensions>
      <ParseFiles>true</ParseFiles>
    </Filter>
  </ItemGroup>
</Project>